
Microsoft Visual Studio Solution File, Format Version 12.00
# Visual Studio 14
VisualStudioVersion = 14.0.23107.0
MinimumVisualStudioVersion = 10.0.40219.1
Project("{FAE04EC0-301F-11D3-BF4B-00C04F79EFBC}") = "Restify", "Restify.csproj", "{0A9F2372-A5D7-4E11-951A-881FB313BD28}"
EndProject
Global
	GlobalSection(SolutionConfigurationPlatforms) = preSolution
		Debug|Any CPU = Debug|Any CPU
		Debug|x86 = Debug|x86
		Release|Any CPU = Release|Any CPU
		Release|x86 = Release|x86
	EndGlobalSection
	GlobalSection(ProjectConfigurationPlatforms) = postSolution
		{0A9F2372-A5D7-4E11-951A-881FB313BD28}.Debug|Any CPU.ActiveCfg = Debug|x86
		{0A9F2372-A5D7-4E11-951A-881FB313BD28}.Debug|Any CPU.Build.0 = Debug|x86
		{0A9F2372-A5D7-4E11-951A-881FB313BD28}.Debug|x86.ActiveCfg = Debug|x86
		{0A9F2372-A5D7-4E11-951A-881FB313BD28}.Debug|x86.Build.0 = Debug|x86
		{0A9F2372-A5D7-4E11-951A-881FB313BD28}.Release|Any CPU.ActiveCfg = Release|x86
		{0A9F2372-A5D7-4E11-951A-881FB313BD28}.Release|x86.ActiveCfg = Release|x86
		{0A9F2372-A5D7-4E11-951A-881FB313BD28}.Release|x86.Build.0 = Release|x86
	EndGlobalSection
	GlobalSection(SolutionProperties) = preSolution
		HideSolutionNode = FALSE
	EndGlobalSection
	GlobalSection(MonoDevelopProperties) = preSolution
		Policies = $0
		$0.DotNetNamingPolicy = $1
		$1.DirectoryNamespaceAssociation = None
		$1.ResourceNamePolicy = FileFormatDefault
		$0.TextStylePolicy = $2
		$2.inheritsSet = null
		$2.scope = text/x-java-source
		$0.TextStylePolicy = $3
		$3.FileWidth = 120
		$3.inheritsSet = VisualStudio
		$3.inheritsScope = text/plain
		$3.scope = text/plain
		$0.TextStylePolicy = $4
		$4.inheritsSet = null
		$4.scope = application/config+xml
		$0.XmlFormattingPolicy = $5
		$5.inheritsSet = null
		$5.scope = application/config+xml
		$0.TextStylePolicy = $6
		$6.inheritsSet = null
		$6.scope = application/xml
		$0.XmlFormattingPolicy = $7
		$7.inheritsSet = Mono
		$7.inheritsScope = application/xml
		$7.scope = application/xml
		$0.TextStylePolicy = $8
		$8.inheritsSet = null
		$8.scope = text/x-csharp
		$0.CSharpFormattingPolicy = $9
		$9.IndentSwitchSection = True
		$9.NewLinesForBracesInProperties = True
		$9.NewLinesForBracesInAccessors = True
		$9.NewLinesForBracesInAnonymousMethods = True
		$9.NewLinesForBracesInControlBlocks = True
		$9.NewLinesForBracesInAnonymousTypes = True
		$9.NewLinesForBracesInObjectCollectionArrayInitializers = True
		$9.NewLinesForBracesInLambdaExpressionBody = True
		$9.NewLineForElse = True
		$9.NewLineForCatch = True
		$9.NewLineForFinally = True
		$9.NewLineForMembersInObjectInit = True
		$9.NewLineForMembersInAnonymousTypes = True
		$9.NewLineForClausesInQuery = True
		$9.SpacingAfterMethodDeclarationName = False
		$9.SpaceAfterMethodCallName = False
		$9.SpaceBeforeOpenSquareBracket = False
		$9.inheritsSet = Mono
		$9.inheritsScope = text/x-csharp
		$9.scope = text/x-csharp
		version = 3.0.2
	EndGlobalSection
EndGlobal
